// !$*UTF8*$!
{
	archiveVersion = 1;
	classes = {
	};
	objectVersion = 46;
	objects = {

/* Begin PBXBuildFile section */
		048FC75CA8FB95C41A719FF7 /* Pods_turbochat.framework in Frameworks */ = {isa = PBXBuildFile; fileRef = CDDC07D46D33CEB45213EA62 /* Pods_turbochat.framework */; };
		3638758D1E830EAE0058BD18 /* ApplicationController.swift in Sources */ = {isa = PBXBuildFile; fileRef = 3638758C1E830EAE0058BD18 /* ApplicationController.swift */; };
		3638758F1E830F140058BD18 /* DemoViewController.swift in Sources */ = {isa = PBXBuildFile; fileRef = 3638758E1E830F140058BD18 /* DemoViewController.swift */; };
		363875911E830F290058BD18 /* Error.swift in Sources */ = {isa = PBXBuildFile; fileRef = 363875901E830F290058BD18 /* Error.swift */; };
		363875931E830F480058BD18 /* ErrorView.swift in Sources */ = {isa = PBXBuildFile; fileRef = 363875921E830F480058BD18 /* ErrorView.swift */; };
		363875951E830F770058BD18 /* AuthenticationController.swift in Sources */ = {isa = PBXBuildFile; fileRef = 363875941E830F770058BD18 /* AuthenticationController.swift */; };
		366DF5D61E3D5905001DEB83 /* AppDelegate.swift in Sources */ = {isa = PBXBuildFile; fileRef = 366DF5D51E3D5905001DEB83 /* AppDelegate.swift */; };
		366DF5DB1E3D5905001DEB83 /* Main.storyboard in Resources */ = {isa = PBXBuildFile; fileRef = 366DF5D91E3D5905001DEB83 /* Main.storyboard */; };
		366DF5DD1E3D5905001DEB83 /* Assets.xcassets in Resources */ = {isa = PBXBuildFile; fileRef = 366DF5DC1E3D5905001DEB83 /* Assets.xcassets */; };
		366DF5E01E3D5905001DEB83 /* LaunchScreen.storyboard in Resources */ = {isa = PBXBuildFile; fileRef = 366DF5DE1E3D5905001DEB83 /* LaunchScreen.storyboard */; };
/* End PBXBuildFile section */

/* Begin PBXFileReference section */
		3638758C1E830EAE0058BD18 /* ApplicationController.swift */ = {isa = PBXFileReference; fileEncoding = 4; lastKnownFileType = sourcecode.swift; path = ApplicationController.swift; sourceTree = "<group>"; };
		3638758E1E830F140058BD18 /* DemoViewController.swift */ = {isa = PBXFileReference; fileEncoding = 4; lastKnownFileType = sourcecode.swift; path = DemoViewController.swift; sourceTree = "<group>"; };
		363875901E830F290058BD18 /* Error.swift */ = {isa = PBXFileReference; fileEncoding = 4; lastKnownFileType = sourcecode.swift; path = Error.swift; sourceTree = "<group>"; };
		363875921E830F480058BD18 /* ErrorView.swift */ = {isa = PBXFileReference; fileEncoding = 4; lastKnownFileType = sourcecode.swift; path = ErrorView.swift; sourceTree = "<group>"; };
		363875941E830F770058BD18 /* AuthenticationController.swift */ = {isa = PBXFileReference; fileEncoding = 4; lastKnownFileType = sourcecode.swift; path = AuthenticationController.swift; sourceTree = "<group>"; };
		366DF5D21E3D5905001DEB83 /* turbochat.app */ = {isa = PBXFileReference; explicitFileType = wrapper.application; includeInIndex = 0; path = turbochat.app; sourceTree = BUILT_PRODUCTS_DIR; };
		366DF5D51E3D5905001DEB83 /* AppDelegate.swift */ = {isa = PBXFileReference; lastKnownFileType = sourcecode.swift; path = AppDelegate.swift; sourceTree = "<group>"; };
		366DF5DA1E3D5905001DEB83 /* Base */ = {isa = PBXFileReference; lastKnownFileType = file.storyboard; name = Base; path = Base.lproj/Main.storyboard; sourceTree = "<group>"; };
		366DF5DC1E3D5905001DEB83 /* Assets.xcassets */ = {isa = PBXFileReference; lastKnownFileType = folder.assetcatalog; path = Assets.xcassets; sourceTree = "<group>"; };
		366DF5DF1E3D5905001DEB83 /* Base */ = {isa = PBXFileReference; lastKnownFileType = file.storyboard; name = Base; path = Base.lproj/LaunchScreen.storyboard; sourceTree = "<group>"; };
		366DF5E11E3D5905001DEB83 /* Info.plist */ = {isa = PBXFileReference; lastKnownFileType = text.plist.xml; path = Info.plist; sourceTree = "<group>"; };
		3EFA7FD4947852181C7CAB0B /* Pods-turbochat.release.xcconfig */ = {isa = PBXFileReference; includeInIndex = 1; lastKnownFileType = text.xcconfig; name = "Pods-turbochat.release.xcconfig"; path = "Pods/Target Support Files/Pods-turbochat/Pods-turbochat.release.xcconfig"; sourceTree = "<group>"; };
		CDDC07D46D33CEB45213EA62 /* Pods_turbochat.framework */ = {isa = PBXFileReference; explicitFileType = wrapper.framework; includeInIndex = 0; path = Pods_turbochat.framework; sourceTree = BUILT_PRODUCTS_DIR; };
		E6C36FA3B10D5CC1B534C241 /* Pods-turbochat.debug.xcconfig */ = {isa = PBXFileReference; includeInIndex = 1; lastKnownFileType = text.xcconfig; name = "Pods-turbochat.debug.xcconfig"; path = "Pods/Target Support Files/Pods-turbochat/Pods-turbochat.debug.xcconfig"; sourceTree = "<group>"; };
/* End PBXFileReference section */

/* Begin PBXFrameworksBuildPhase section */
		366DF5CF1E3D5905001DEB83 /* Frameworks */ = {
			isa = PBXFrameworksBuildPhase;
			buildActionMask = 2147483647;
			files = (
				048FC75CA8FB95C41A719FF7 /* Pods_turbochat.framework in Frameworks */,
			);
			runOnlyForDeploymentPostprocessing = 0;
		};
/* End PBXFrameworksBuildPhase section */

/* Begin PBXGroup section */
		366DF5C91E3D5905001DEB83 = {
			isa = PBXGroup;
			children = (
				366DF5D41E3D5905001DEB83 /* turbochat */,
				366DF5D31E3D5905001DEB83 /* Products */,
				61E086EB4C2D5CFBBBCFF25E /* Pods */,
				522EF7B1221A2444A3382994 /* Frameworks */,
			);
			sourceTree = "<group>";
		};
		366DF5D31E3D5905001DEB83 /* Products */ = {
			isa = PBXGroup;
			children = (
				366DF5D21E3D5905001DEB83 /* turbochat.app */,
			);
			name = Products;
			sourceTree = "<group>";
		};
		366DF5D41E3D5905001DEB83 /* turbochat */ = {
			isa = PBXGroup;
			children = (
				366DF5D51E3D5905001DEB83 /* AppDelegate.swift */,
				366DF5D91E3D5905001DEB83 /* Main.storyboard */,
				366DF5DC1E3D5905001DEB83 /* Assets.xcassets */,
				366DF5DE1E3D5905001DEB83 /* LaunchScreen.storyboard */,
				366DF5E11E3D5905001DEB83 /* Info.plist */,
				3638758C1E830EAE0058BD18 /* ApplicationController.swift */,
				3638758E1E830F140058BD18 /* DemoViewController.swift */,
				363875901E830F290058BD18 /* Error.swift */,
				363875921E830F480058BD18 /* ErrorView.swift */,
				363875941E830F770058BD18 /* AuthenticationController.swift */,
			);
			path = turbochat;
			sourceTree = "<group>";
		};
		522EF7B1221A2444A3382994 /* Frameworks */ = {
			isa = PBXGroup;
			children = (
				CDDC07D46D33CEB45213EA62 /* Pods_turbochat.framework */,
			);
			name = Frameworks;
			sourceTree = "<group>";
		};
		61E086EB4C2D5CFBBBCFF25E /* Pods */ = {
			isa = PBXGroup;
			children = (
				E6C36FA3B10D5CC1B534C241 /* Pods-turbochat.debug.xcconfig */,
				3EFA7FD4947852181C7CAB0B /* Pods-turbochat.release.xcconfig */,
			);
			name = Pods;
			sourceTree = "<group>";
		};
/* End PBXGroup section */

/* Begin PBXNativeTarget section */
		366DF5D11E3D5905001DEB83 /* turbochat */ = {
			isa = PBXNativeTarget;
			buildConfigurationList = 366DF5E41E3D5905001DEB83 /* Build configuration list for PBXNativeTarget "turbochat" */;
			buildPhases = (
				6149A460BEB9B8E2C5C59260 /* [CP] Check Pods Manifest.lock */,
				366DF5CE1E3D5905001DEB83 /* Sources */,
				366DF5CF1E3D5905001DEB83 /* Frameworks */,
				366DF5D01E3D5905001DEB83 /* Resources */,
				999A7EE59594654D2642E864 /* [CP] Embed Pods Frameworks */,
				EEE43BFB20EB3AB96CAE60A9 /* [CP] Copy Pods Resources */,
			);
			buildRules = (
			);
			dependencies = (
			);
			name = turbochat;
			productName = turbochat;
			productReference = 366DF5D21E3D5905001DEB83 /* turbochat.app */;
			productType = "com.apple.product-type.application";
		};
/* End PBXNativeTarget section */

/* Begin PBXProject section */
		366DF5CA1E3D5905001DEB83 /* Project object */ = {
			isa = PBXProject;
			attributes = {
				LastSwiftUpdateCheck = 0820;
				LastUpgradeCheck = 0820;
				ORGANIZATIONNAME = "Trevor & Geoff";
				TargetAttributes = {
					366DF5D11E3D5905001DEB83 = {
						CreatedOnToolsVersion = 8.2.1;
						ProvisioningStyle = Automatic;
					};
				};
			};
			buildConfigurationList = 366DF5CD1E3D5905001DEB83 /* Build configuration list for PBXProject "turbochat" */;
			compatibilityVersion = "Xcode 3.2";
			developmentRegion = English;
			hasScannedForEncodings = 0;
			knownRegions = (
				en,
				Base,
			);
			mainGroup = 366DF5C91E3D5905001DEB83;
			productRefGroup = 366DF5D31E3D5905001DEB83 /* Products */;
			projectDirPath = "";
			projectRoot = "";
			targets = (
				366DF5D11E3D5905001DEB83 /* turbochat */,
			);
		};
/* End PBXProject section */

/* Begin PBXResourcesBuildPhase section */
		366DF5D01E3D5905001DEB83 /* Resources */ = {
			isa = PBXResourcesBuildPhase;
			buildActionMask = 2147483647;
			files = (
				366DF5E01E3D5905001DEB83 /* LaunchScreen.storyboard in Resources */,
				366DF5DD1E3D5905001DEB83 /* Assets.xcassets in Resources */,
				366DF5DB1E3D5905001DEB83 /* Main.storyboard in Resources */,
			);
			runOnlyForDeploymentPostprocessing = 0;
		};
/* End PBXResourcesBuildPhase section */

/* Begin PBXShellScriptBuildPhase section */
		6149A460BEB9B8E2C5C59260 /* [CP] Check Pods Manifest.lock */ = {
			isa = PBXShellScriptBuildPhase;
			buildActionMask = 2147483647;
			files = (
			);
			inputPaths = (
			);
			name = "[CP] Check Pods Manifest.lock";
			outputPaths = (
			);
			runOnlyForDeploymentPostprocessing = 0;
			shellPath = /bin/sh;
			shellScript = "diff \"${PODS_ROOT}/../Podfile.lock\" \"${PODS_ROOT}/Manifest.lock\" > /dev/null\nif [ $? != 0 ] ; then\n    # print error to STDERR\n    echo \"error: The sandbox is not in sync with the Podfile.lock. Run 'pod install' or update your CocoaPods installation.\" >&2\n    exit 1\nfi\n";
			showEnvVarsInLog = 0;
		};
		999A7EE59594654D2642E864 /* [CP] Embed Pods Frameworks */ = {
			isa = PBXShellScriptBuildPhase;
			buildActionMask = 2147483647;
			files = (
			);
			inputPaths = (
			);
			name = "[CP] Embed Pods Frameworks";
			outputPaths = (
			);
			runOnlyForDeploymentPostprocessing = 0;
			shellPath = /bin/sh;
			shellScript = "\"${SRCROOT}/Pods/Target Support Files/Pods-turbochat/Pods-turbochat-frameworks.sh\"\n";
			showEnvVarsInLog = 0;
		};
		EEE43BFB20EB3AB96CAE60A9 /* [CP] Copy Pods Resources */ = {
			isa = PBXShellScriptBuildPhase;
			buildActionMask = 2147483647;
			files = (
			);
			inputPaths = (
			);
			name = "[CP] Copy Pods Resources";
			outputPaths = (
			);
			runOnlyForDeploymentPostprocessing = 0;
			shellPath = /bin/sh;
			shellScript = "\"${SRCROOT}/Pods/Target Support Files/Pods-turbochat/Pods-turbochat-resources.sh\"\n";
			showEnvVarsInLog = 0;
		};
/* End PBXShellScriptBuildPhase section */

/* Begin PBXSourcesBuildPhase section */
		366DF5CE1E3D5905001DEB83 /* Sources */ = {
			isa = PBXSourcesBuildPhase;
			buildActionMask = 2147483647;
			files = (
				363875951E830F770058BD18 /* AuthenticationController.swift in Sources */,
				3638758D1E830EAE0058BD18 /* ApplicationController.swift in Sources */,
				363875931E830F480058BD18 /* ErrorView.swift in Sources */,
				366DF5D61E3D5905001DEB83 /* AppDelegate.swift in Sources */,
				363875911E830F290058BD18 /* Error.swift in Sources */,
				3638758F1E830F140058BD18 /* DemoViewController.swift in Sources */,
			);
			runOnlyForDeploymentPostprocessing = 0;
		};
/* End PBXSourcesBuildPhase section */

/* Begin PBXVariantGroup section */
		366DF5D91E3D5905001DEB83 /* Main.storyboard */ = {
			isa = PBXVariantGroup;
			children = (
				366DF5DA1E3D5905001DEB83 /* Base */,
			);
			name = Main.storyboard;
			sourceTree = "<group>";
		};
		366DF5DE1E3D5905001DEB83 /* LaunchScreen.storyboard */ = {
			isa = PBXVariantGroup;
			children = (
				366DF5DF1E3D5905001DEB83 /* Base */,
			);
			name = LaunchScreen.storyboard;
			sourceTree = "<group>";
		};
/* End PBXVariantGroup section */

/* Begin XCBuildConfiguration section */
		366DF5E21E3D5905001DEB83 /* Debug */ = {
			isa = XCBuildConfiguration;
			buildSettings = {
				ALWAYS_SEARCH_USER_PATHS = NO;
				CLANG_ANALYZER_NONNULL = YES;
				CLANG_CXX_LANGUAGE_STANDARD = "gnu++0x";
				CLANG_CXX_LIBRARY = "libc++";
				CLANG_ENABLE_MODULES = YES;
				CLANG_ENABLE_OBJC_ARC = YES;
				CLANG_WARN_BOOL_CONVERSION = YES;
				CLANG_WARN_CONSTANT_CONVERSION = YES;
				CLANG_WARN_DIRECT_OBJC_ISA_USAGE = YES_ERROR;
				CLANG_WARN_DOCUMENTATION_COMMENTS = YES;
				CLANG_WARN_EMPTY_BODY = YES;
				CLANG_WARN_ENUM_CONVERSION = YES;
				CLANG_WARN_INFINITE_RECURSION = YES;
				CLANG_WARN_INT_CONVERSION = YES;
				CLANG_WARN_OBJC_ROOT_CLASS = YES_ERROR;
				CLANG_WARN_SUSPICIOUS_MOVE = YES;
				CLANG_WARN_UNREACHABLE_CODE = YES;
				CLANG_WARN__DUPLICATE_METHOD_MATCH = YES;
				"CODE_SIGN_IDENTITY[sdk=iphoneos*]" = "iPhone Developer";
				COPY_PHASE_STRIP = NO;
				DEBUG_INFORMATION_FORMAT = dwarf;
				ENABLE_STRICT_OBJC_MSGSEND = YES;
				ENABLE_TESTABILITY = YES;
				GCC_C_LANGUAGE_STANDARD = gnu99;
				GCC_DYNAMIC_NO_PIC = NO;
				GCC_NO_COMMON_BLOCKS = YES;
				GCC_OPTIMIZATION_LEVEL = 0;
				GCC_PREPROCESSOR_DEFINITIONS = (
					"DEBUG=1",
					"$(inherited)",
				);
				GCC_WARN_64_TO_32_BIT_CONVERSION = YES;
				GCC_WARN_ABOUT_RETURN_TYPE = YES_ERROR;
				GCC_WARN_UNDECLARED_SELECTOR = YES;
				GCC_WARN_UNINITIALIZED_AUTOS = YES_AGGRESSIVE;
				GCC_WARN_UNUSED_FUNCTION = YES;
				GCC_WARN_UNUSED_VARIABLE = YES;
				IPHONEOS_DEPLOYMENT_TARGET = 10.2;
				MTL_ENABLE_DEBUG_INFO = YES;
				ONLY_ACTIVE_ARCH = YES;
				SDKROOT = iphoneos;
				SWIFT_ACTIVE_COMPILATION_CONDITIONS = DEBUG;
				SWIFT_OPTIMIZATION_LEVEL = "-Onone";
				SWIFT_VERSION = 2.3;
				TARGETED_DEVICE_FAMILY = "1,2";
			};
			name = Debug;
		};
		366DF5E31E3D5905001DEB83 /* Release */ = {
			isa = XCBuildConfiguration;
			buildSettings = {
				ALWAYS_SEARCH_USER_PATHS = NO;
				CLANG_ANALYZER_NONNULL = YES;
				CLANG_CXX_LANGUAGE_STANDARD = "gnu++0x";
				CLANG_CXX_LIBRARY = "libc++";
				CLANG_ENABLE_MODULES = YES;
				CLANG_ENABLE_OBJC_ARC = YES;
				CLANG_WARN_BOOL_CONVERSION = YES;
				CLANG_WARN_CONSTANT_CONVERSION = YES;
				CLANG_WARN_DIRECT_OBJC_ISA_USAGE = YES_ERROR;
				CLANG_WARN_DOCUMENTATION_COMMENTS = YES;
				CLANG_WARN_EMPTY_BODY = YES;
				CLANG_WARN_ENUM_CONVERSION = YES;
				CLANG_WARN_INFINITE_RECURSION = YES;
				CLANG_WARN_INT_CONVERSION = YES;
				CLANG_WARN_OBJC_ROOT_CLASS = YES_ERROR;
				CLANG_WARN_SUSPICIOUS_MOVE = YES;
				CLANG_WARN_UNREACHABLE_CODE = YES;
				CLANG_WARN__DUPLICATE_METHOD_MATCH = YES;
				"CODE_SIGN_IDENTITY[sdk=iphoneos*]" = "iPhone Developer";
				COPY_PHASE_STRIP = NO;
				DEBUG_INFORMATION_FORMAT = "dwarf-with-dsym";
				ENABLE_NS_ASSERTIONS = NO;
				ENABLE_STRICT_OBJC_MSGSEND = YES;
				GCC_C_LANGUAGE_STANDARD = gnu99;
				GCC_NO_COMMON_BLOCKS = YES;
				GCC_WARN_64_TO_32_BIT_CONVERSION = YES;
				GCC_WARN_ABOUT_RETURN_TYPE = YES_ERROR;
				GCC_WARN_UNDECLARED_SELECTOR = YES;
				GCC_WARN_UNINITIALIZED_AUTOS = YES_AGGRESSIVE;
				GCC_WARN_UNUSED_FUNCTION = YES;
				GCC_WARN_UNUSED_VARIABLE = YES;
				IPHONEOS_DEPLOYMENT_TARGET = 10.2;
				MTL_ENABLE_DEBUG_INFO = NO;
				SDKROOT = iphoneos;
				SWIFT_OPTIMIZATION_LEVEL = "-Owholemodule";
				SWIFT_VERSION = 2.3;
				TARGETED_DEVICE_FAMILY = "1,2";
				VALIDATE_PRODUCT = YES;
			};
			name = Release;
		};
		366DF5E51E3D5905001DEB83 /* Debug */ = {
			isa = XCBuildConfiguration;
			baseConfigurationReference = E6C36FA3B10D5CC1B534C241 /* Pods-turbochat.debug.xcconfig */;
			buildSettings = {
				ASSETCATALOG_COMPILER_APPICON_NAME = AppIcon;
				INFOPLIST_FILE = turbochat/Info.plist;
				LD_RUNPATH_SEARCH_PATHS = "$(inherited) @executable_path/Frameworks";
				PRODUCT_BUNDLE_IDENTIFIER = com.trevorandgeoff.turbochat;
				PRODUCT_NAME = "$(TARGET_NAME)";
				SWIFT_VERSION = 2.3;
			};
			name = Debug;
		};
		366DF5E61E3D5905001DEB83 /* Release */ = {
			isa = XCBuildConfiguration;
			baseConfigurationReference = 3EFA7FD4947852181C7CAB0B /* Pods-turbochat.release.xcconfig */;
			buildSettings = {
				ASSETCATALOG_COMPILER_APPICON_NAME = AppIcon;
				INFOPLIST_FILE = turbochat/Info.plist;
				LD_RUNPATH_SEARCH_PATHS = "$(inherited) @executable_path/Frameworks";
				PRODUCT_BUNDLE_IDENTIFIER = com.trevorandgeoff.turbochat;
				PRODUCT_NAME = "$(TARGET_NAME)";
				SWIFT_VERSION = 2.3;
			};
			name = Release;
		};
/* End XCBuildConfiguration section */

/* Begin XCConfigurationList section */
		366DF5CD1E3D5905001DEB83 /* Build configuration list for PBXProject "turbochat" */ = {
			isa = XCConfigurationList;
			buildConfigurations = (
				366DF5E21E3D5905001DEB83 /* Debug */,
				366DF5E31E3D5905001DEB83 /* Release */,
			);
			defaultConfigurationIsVisible = 0;
			defaultConfigurationName = Release;
		};
		366DF5E41E3D5905001DEB83 /* Build configuration list for PBXNativeTarget "turbochat" */ = {
			isa = XCConfigurationList;
			buildConfigurations = (
				366DF5E51E3D5905001DEB83 /* Debug */,
				366DF5E61E3D5905001DEB83 /* Release */,
			);
			defaultConfigurationIsVisible = 0;
			defaultConfigurationName = Release;
		};
/* End XCConfigurationList section */
	};
	rootObject = 366DF5CA1E3D5905001DEB83 /* Project object */;
}
